
Microsoft Visual Studio Solution File, Format Version 12.00
# Visual Studio Version 17
VisualStudioVersion = 17.5.2.0
MinimumVisualStudioVersion = 10.0.40219.1
Project("{FAE04EC0-301F-11D3-BF4B-00C04F79EFBC}") = "ContactsManager", "ContactsManager\ContactsManager.csproj", "{B1458F28-B108-50A8-5599-B77D9EB9FB9F}"
EndProject
Project("{FAE04EC0-301F-11D3-BF4B-00C04F79EFBC}") = "ContactsManager.Tests", "Tests\ContactsManager.Tests.csproj", "{FD258F43-4729-4DE1-B01F-4B21033C8AB9}"
EndProject
Project("{FAE04EC0-301F-11D3-BF4B-00C04F79EFBC}") = "Entities", "Entities\Entities.csproj", "{F1B22899-26BD-4DB8-8129-80201C3C8030}"
EndProject
Project("{FAE04EC0-301F-11D3-BF4B-00C04F79EFBC}") = "ServiceContracts", "ServiceContracts\ServiceContracts.csproj", "{0D9BBEF2-8F11-4613-B27B-25C2589B3DE7}"
EndProject
Project("{FAE04EC0-301F-11D3-BF4B-00C04F79EFBC}") = "Services", "Services\Services.csproj", "{1D5D0489-D294-41A6-B9AC-FF1477DE1238}"
EndProject
Project("{FAE04EC0-301F-11D3-BF4B-00C04F79EFBC}") = "RepositoryContracts", "RepositoriesContract\RepositoryContracts.csproj", "{2B9E5AAA-54FD-4F3B-93F1-C7110A62698C}"
EndProject
Project("{FAE04EC0-301F-11D3-BF4B-00C04F79EFBC}") = "Repositories", "Repositories\Repositories.csproj", "{69EE92CF-F0E3-4A90-B045-E78DE2884D83}"
EndProject
Global
	GlobalSection(SolutionConfigurationPlatforms) = preSolution
		Debug|Any CPU = Debug|Any CPU
		Debug|x64 = Debug|x64
		Debug|x86 = Debug|x86
		Release|Any CPU = Release|Any CPU
		Release|x64 = Release|x64
		Release|x86 = Release|x86
	EndGlobalSection
	GlobalSection(ProjectConfigurationPlatforms) = postSolution
		{B1458F28-B108-50A8-5599-B77D9EB9FB9F}.Debug|Any CPU.ActiveCfg = Debug|Any CPU
		{B1458F28-B108-50A8-5599-B77D9EB9FB9F}.Debug|Any CPU.Build.0 = Debug|Any CPU
		{B1458F28-B108-50A8-5599-B77D9EB9FB9F}.Debug|x64.ActiveCfg = Debug|Any CPU
		{B1458F28-B108-50A8-5599-B77D9EB9FB9F}.Debug|x64.Build.0 = Debug|Any CPU
		{B1458F28-B108-50A8-5599-B77D9EB9FB9F}.Debug|x86.ActiveCfg = Debug|Any CPU
		{B1458F28-B108-50A8-5599-B77D9EB9FB9F}.Debug|x86.Build.0 = Debug|Any CPU
		{B1458F28-B108-50A8-5599-B77D9EB9FB9F}.Release|Any CPU.ActiveCfg = Release|Any CPU
		{B1458F28-B108-50A8-5599-B77D9EB9FB9F}.Release|Any CPU.Build.0 = Release|Any CPU
		{B1458F28-B108-50A8-5599-B77D9EB9FB9F}.Release|x64.ActiveCfg = Release|Any CPU
		{B1458F28-B108-50A8-5599-B77D9EB9FB9F}.Release|x64.Build.0 = Release|Any CPU
		{B1458F28-B108-50A8-5599-B77D9EB9FB9F}.Release|x86.ActiveCfg = Release|Any CPU
		{B1458F28-B108-50A8-5599-B77D9EB9FB9F}.Release|x86.Build.0 = Release|Any CPU
		{FD258F43-4729-4DE1-B01F-4B21033C8AB9}.Debug|Any CPU.ActiveCfg = Debug|Any CPU
		{FD258F43-4729-4DE1-B01F-4B21033C8AB9}.Debug|Any CPU.Build.0 = Debug|Any CPU
		{FD258F43-4729-4DE1-B01F-4B21033C8AB9}.Debug|x64.ActiveCfg = Debug|Any CPU
		{FD258F43-4729-4DE1-B01F-4B21033C8AB9}.Debug|x64.Build.0 = Debug|Any CPU
		{FD258F43-4729-4DE1-B01F-4B21033C8AB9}.Debug|x86.ActiveCfg = Debug|Any CPU
		{FD258F43-4729-4DE1-B01F-4B21033C8AB9}.Debug|x86.Build.0 = Debug|Any CPU
		{FD258F43-4729-4DE1-B01F-4B21033C8AB9}.Release|Any CPU.ActiveCfg = Release|Any CPU
		{FD258F43-4729-4DE1-B01F-4B21033C8AB9}.Release|Any CPU.Build.0 = Release|Any CPU
		{FD258F43-4729-4DE1-B01F-4B21033C8AB9}.Release|x64.ActiveCfg = Release|Any CPU
		{FD258F43-4729-4DE1-B01F-4B21033C8AB9}.Release|x64.Build.0 = Release|Any CPU
		{FD258F43-4729-4DE1-B01F-4B21033C8AB9}.Release|x86.ActiveCfg = Release|Any CPU
		{FD258F43-4729-4DE1-B01F-4B21033C8AB9}.Release|x86.Build.0 = Release|Any CPU
		{F1B22899-26BD-4DB8-8129-80201C3C8030}.Debug|Any CPU.ActiveCfg = Debug|Any CPU
		{F1B22899-26BD-4DB8-8129-80201C3C8030}.Debug|Any CPU.Build.0 = Debug|Any CPU
		{F1B22899-26BD-4DB8-8129-80201C3C8030}.Debug|x64.ActiveCfg = Debug|Any CPU
		{F1B22899-26BD-4DB8-8129-80201C3C8030}.Debug|x64.Build.0 = Debug|Any CPU
		{F1B22899-26BD-4DB8-8129-80201C3C8030}.Debug|x86.ActiveCfg = Debug|Any CPU
		{F1B22899-26BD-4DB8-8129-80201C3C8030}.Debug|x86.Build.0 = Debug|Any CPU
		{F1B22899-26BD-4DB8-8129-80201C3C8030}.Release|Any CPU.ActiveCfg = Release|Any CPU
		{F1B22899-26BD-4DB8-8129-80201C3C8030}.Release|Any CPU.Build.0 = Release|Any CPU
		{F1B22899-26BD-4DB8-8129-80201C3C8030}.Release|x64.ActiveCfg = Release|Any CPU
		{F1B22899-26BD-4DB8-8129-80201C3C8030}.Release|x64.Build.0 = Release|Any CPU
		{F1B22899-26BD-4DB8-8129-80201C3C8030}.Release|x86.ActiveCfg = Release|Any CPU
		{F1B22899-26BD-4DB8-8129-80201C3C8030}.Release|x86.Build.0 = Release|Any CPU
		{0D9BBEF2-8F11-4613-B27B-25C2589B3DE7}.Debug|Any CPU.ActiveCfg = Debug|Any CPU
		{0D9BBEF2-8F11-4613-B27B-25C2589B3DE7}.Debug|Any CPU.Build.0 = Debug|Any CPU
		{0D9BBEF2-8F11-4613-B27B-25C2589B3DE7}.Debug|x64.ActiveCfg = Debug|Any CPU
		{0D9BBEF2-8F11-4613-B27B-25C2589B3DE7}.Debug|x64.Build.0 = Debug|Any CPU
		{0D9BBEF2-8F11-4613-B27B-25C2589B3DE7}.Debug|x86.ActiveCfg = Debug|Any CPU
		{0D9BBEF2-8F11-4613-B27B-25C2589B3DE7}.Debug|x86.Build.0 = Debug|Any CPU
		{0D9BBEF2-8F11-4613-B27B-25C2589B3DE7}.Release|Any CPU.ActiveCfg = Release|Any CPU
		{0D9BBEF2-8F11-4613-B27B-25C2589B3DE7}.Release|Any CPU.Build.0 = Release|Any CPU
		{0D9BBEF2-8F11-4613-B27B-25C2589B3DE7}.Release|x64.ActiveCfg = Release|Any CPU
		{0D9BBEF2-8F11-4613-B27B-25C2589B3DE7}.Release|x64.Build.0 = Release|Any CPU
		{0D9BBEF2-8F11-4613-B27B-25C2589B3DE7}.Release|x86.ActiveCfg = Release|Any CPU
		{0D9BBEF2-8F11-4613-B27B-25C2589B3DE7}.Release|x86.Build.0 = Release|Any CPU
		{1D5D0489-D294-41A6-B9AC-FF1477DE1238}.Debug|Any CPU.ActiveCfg = Debug|Any CPU
		{1D5D0489-D294-41A6-B9AC-FF1477DE1238}.Debug|Any CPU.Build.0 = Debug|Any CPU
		{1D5D0489-D294-41A6-B9AC-FF1477DE1238}.Debug|x64.ActiveCfg = Debug|Any CPU
		{1D5D0489-D294-41A6-B9AC-FF1477DE1238}.Debug|x64.Build.0 = Debug|Any CPU
		{1D5D0489-D294-41A6-B9AC-FF1477DE1238}.Debug|x86.ActiveCfg = Debug|Any CPU
		{1D5D0489-D294-41A6-B9AC-FF1477DE1238}.Debug|x86.Build.0 = Debug|Any CPU
		{1D5D0489-D294-41A6-B9AC-FF1477DE1238}.Release|Any CPU.ActiveCfg = Release|Any CPU
		{1D5D0489-D294-41A6-B9AC-FF1477DE1238}.Release|Any CPU.Build.0 = Release|Any CPU
		{1D5D0489-D294-41A6-B9AC-FF1477DE1238}.Release|x64.ActiveCfg = Release|Any CPU
		{1D5D0489-D294-41A6-B9AC-FF1477DE1238}.Release|x64.Build.0 = Release|Any CPU
		{1D5D0489-D294-41A6-B9AC-FF1477DE1238}.Release|x86.ActiveCfg = Release|Any CPU
		{1D5D0489-D294-41A6-B9AC-FF1477DE1238}.Release|x86.Build.0 = Release|Any CPU
		{2B9E5AAA-54FD-4F3B-93F1-C7110A62698C}.Debug|Any CPU.ActiveCfg = Debug|Any CPU
		{2B9E5AAA-54FD-4F3B-93F1-C7110A62698C}.Debug|Any CPU.Build.0 = Debug|Any CPU
		{2B9E5AAA-54FD-4F3B-93F1-C7110A62698C}.Debug|x64.ActiveCfg = Debug|Any CPU
		{2B9E5AAA-54FD-4F3B-93F1-C7110A62698C}.Debug|x64.Build.0 = Debug|Any CPU
		{2B9E5AAA-54FD-4F3B-93F1-C7110A62698C}.Debug|x86.ActiveCfg = Debug|Any CPU
		{2B9E5AAA-54FD-4F3B-93F1-C7110A62698C}.Debug|x86.Build.0 = Debug|Any CPU
		{2B9E5AAA-54FD-4F3B-93F1-C7110A62698C}.Release|Any CPU.ActiveCfg = Release|Any CPU
		{2B9E5AAA-54FD-4F3B-93F1-C7110A62698C}.Release|Any CPU.Build.0 = Release|Any CPU
		{2B9E5AAA-54FD-4F3B-93F1-C7110A62698C}.Release|x64.ActiveCfg = Release|Any CPU
		{2B9E5AAA-54FD-4F3B-93F1-C7110A62698C}.Release|x64.Build.0 = Release|Any CPU
		{2B9E5AAA-54FD-4F3B-93F1-C7110A62698C}.Release|x86.ActiveCfg = Release|Any CPU
		{2B9E5AAA-54FD-4F3B-93F1-C7110A62698C}.Release|x86.Build.0 = Release|Any CPU
		{69EE92CF-F0E3-4A90-B045-E78DE2884D83}.Debug|Any CPU.ActiveCfg = Debug|Any CPU
		{69EE92CF-F0E3-4A90-B045-E78DE2884D83}.Debug|Any CPU.Build.0 = Debug|Any CPU
		{69EE92CF-F0E3-4A90-B045-E78DE2884D83}.Debug|x64.ActiveCfg = Debug|Any CPU
		{69EE92CF-F0E3-4A90-B045-E78DE2884D83}.Debug|x64.Build.0 = Debug|Any CPU
		{69EE92CF-F0E3-4A90-B045-E78DE2884D83}.Debug|x86.ActiveCfg = Debug|Any CPU
		{69EE92CF-F0E3-4A90-B045-E78DE2884D83}.Debug|x86.Build.0 = Debug|Any CPU
		{69EE92CF-F0E3-4A90-B045-E78DE2884D83}.Release|Any CPU.ActiveCfg = Release|Any CPU
		{69EE92CF-F0E3-4A90-B045-E78DE2884D83}.Release|Any CPU.Build.0 = Release|Any CPU
		{69EE92CF-F0E3-4A90-B045-E78DE2884D83}.Release|x64.ActiveCfg = Release|Any CPU
		{69EE92CF-F0E3-4A90-B045-E78DE2884D83}.Release|x64.Build.0 = Release|Any CPU
		{69EE92CF-F0E3-4A90-B045-E78DE2884D83}.Release|x86.ActiveCfg = Release|Any CPU
		{69EE92CF-F0E3-4A90-B045-E78DE2884D83}.Release|x86.Build.0 = Release|Any CPU
	EndGlobalSection
	GlobalSection(SolutionProperties) = preSolution
		HideSolutionNode = FALSE
	EndGlobalSection
	GlobalSection(ExtensibilityGlobals) = postSolution
		SolutionGuid = {59F7F39C-C03E-4E77-A5EA-16E43B10632E}
	EndGlobalSection
EndGlobal
